# This file is automatically @generated by Cargo.
# It is not intended for manual editing.
version = 3

[[package]]
name = "carbon-cli"
version = "0.1.0"

[[package]]
name = "carbon-core"
version = "0.1.0"
dependencies = [
 "carbon-macros",
]

[[package]]
name = "carbon-helius-atlas-ws-datasource"
version = "0.1.0"

[[package]]
name = "carbon-jup-swap-decoder"
version = "0.1.0"

[[package]]
name = "carbon-macros"
version = "0.1.0"

[[package]]
name = "carbon-pumpfun-decoder"
version = "0.1.0"

[[package]]
name = "carbon-transaction-crawler-datasource"
version = "0.1.0"

[[package]]
name = "carbon-yellowstone-grpc-datasource"
version = "0.1.0"

[[package]]
name = "testing-crate"
version = "0.1.0"
